
Microsoft Visual Studio Solution File, Format Version 12.00
# Visual Studio Version 16
VisualStudioVersion = 16.0.30804.86
MinimumVisualStudioVersion = 10.0.40219.1
Project("{FAE04EC0-301F-11D3-BF4B-00C04F79EFBC}") = "31_delegate02_EsDispense01", "31_delegate02_EsDispense01\31_delegate02_EsDispense01.csproj", "{2B8ABD26-41A8-4C37-897B-174D6A5A9110}"
EndProject
Global
	GlobalSection(SolutionConfigurationPlatforms) = preSolution
		Debug|Any CPU = Debug|Any CPU
		Release|Any CPU = Release|Any CPU
	EndGlobalSection
	GlobalSection(ProjectConfigurationPlatforms) = postSolution
		{2B8ABD26-41A8-4C37-897B-174D6A5A9110}.Debug|Any CPU.ActiveCfg = Debug|Any CPU
		{2B8ABD26-41A8-4C37-897B-174D6A5A9110}.Debug|Any CPU.Build.0 = Debug|Any CPU
		{2B8ABD26-41A8-4C37-897B-174D6A5A9110}.Release|Any CPU.ActiveCfg = Release|Any CPU
		{2B8ABD26-41A8-4C37-897B-174D6A5A9110}.Release|Any CPU.Build.0 = Release|Any CPU
	EndGlobalSection
	GlobalSection(SolutionProperties) = preSolution
		HideSolutionNode = FALSE
	EndGlobalSection
	GlobalSection(ExtensibilityGlobals) = postSolution
		SolutionGuid = {5F49A61F-C117-4FFD-BD63-E059049D4DB2}
	EndGlobalSection
EndGlobal
