
Microsoft Visual Studio Solution File, Format Version 12.00
# Visual Studio Version 16
VisualStudioVersion = 16.0.30621.155
MinimumVisualStudioVersion = 10.0.40219.1
Project("{FAE04EC0-301F-11D3-BF4B-00C04F79EFBC}") = "OOP05_Classe_Indexata", "OOP05_Classe_Indexata\OOP05_Classe_Indexata.csproj", "{85DA2C2D-ED76-4721-B106-B36E042B0329}"
EndProject
Global
	GlobalSection(SolutionConfigurationPlatforms) = preSolution
		Debug|Any CPU = Debug|Any CPU
		Release|Any CPU = Release|Any CPU
	EndGlobalSection
	GlobalSection(ProjectConfigurationPlatforms) = postSolution
		{85DA2C2D-ED76-4721-B106-B36E042B0329}.Debug|Any CPU.ActiveCfg = Debug|Any CPU
		{85DA2C2D-ED76-4721-B106-B36E042B0329}.Debug|Any CPU.Build.0 = Debug|Any CPU
		{85DA2C2D-ED76-4721-B106-B36E042B0329}.Release|Any CPU.ActiveCfg = Release|Any CPU
		{85DA2C2D-ED76-4721-B106-B36E042B0329}.Release|Any CPU.Build.0 = Release|Any CPU
	EndGlobalSection
	GlobalSection(SolutionProperties) = preSolution
		HideSolutionNode = FALSE
	EndGlobalSection
	GlobalSection(ExtensibilityGlobals) = postSolution
		SolutionGuid = {316E97E8-7809-4980-846D-53D45F4F6CCB}
	EndGlobalSection
EndGlobal
