
Microsoft Visual Studio Solution File, Format Version 12.00
# Visual Studio Version 16
VisualStudioVersion = 16.0.30804.86
MinimumVisualStudioVersion = 10.0.40219.1
Project("{FAE04EC0-301F-11D3-BF4B-00C04F79EFBC}") = "24_OOP10_Carte", "24_OOP10_Carte\24_OOP10_Carte.csproj", "{FC41E655-A266-4A1F-8857-B38DA292FD85}"
EndProject
Global
	GlobalSection(SolutionConfigurationPlatforms) = preSolution
		Debug|Any CPU = Debug|Any CPU
		Release|Any CPU = Release|Any CPU
	EndGlobalSection
	GlobalSection(ProjectConfigurationPlatforms) = postSolution
		{FC41E655-A266-4A1F-8857-B38DA292FD85}.Debug|Any CPU.ActiveCfg = Debug|Any CPU
		{FC41E655-A266-4A1F-8857-B38DA292FD85}.Debug|Any CPU.Build.0 = Debug|Any CPU
		{FC41E655-A266-4A1F-8857-B38DA292FD85}.Release|Any CPU.ActiveCfg = Release|Any CPU
		{FC41E655-A266-4A1F-8857-B38DA292FD85}.Release|Any CPU.Build.0 = Release|Any CPU
	EndGlobalSection
	GlobalSection(SolutionProperties) = preSolution
		HideSolutionNode = FALSE
	EndGlobalSection
	GlobalSection(ExtensibilityGlobals) = postSolution
		SolutionGuid = {6B3723B3-342D-47DE-99D9-5864921F29E6}
	EndGlobalSection
EndGlobal
