
Microsoft Visual Studio Solution File, Format Version 12.00
# Visual Studio Version 16
VisualStudioVersion = 16.0.30621.155
MinimumVisualStudioVersion = 10.0.40219.1
Project("{FAE04EC0-301F-11D3-BF4B-00C04F79EFBC}") = "regex01_Registrazione_Form", "regex01_Registrazione_Form\regex01_Registrazione_Form.csproj", "{8CC8C895-04E9-4B50-B1A4-E31C51EEE87B}"
EndProject
Global
	GlobalSection(SolutionConfigurationPlatforms) = preSolution
		Debug|Any CPU = Debug|Any CPU
		Release|Any CPU = Release|Any CPU
	EndGlobalSection
	GlobalSection(ProjectConfigurationPlatforms) = postSolution
		{8CC8C895-04E9-4B50-B1A4-E31C51EEE87B}.Debug|Any CPU.ActiveCfg = Debug|Any CPU
		{8CC8C895-04E9-4B50-B1A4-E31C51EEE87B}.Debug|Any CPU.Build.0 = Debug|Any CPU
		{8CC8C895-04E9-4B50-B1A4-E31C51EEE87B}.Release|Any CPU.ActiveCfg = Release|Any CPU
		{8CC8C895-04E9-4B50-B1A4-E31C51EEE87B}.Release|Any CPU.Build.0 = Release|Any CPU
	EndGlobalSection
	GlobalSection(SolutionProperties) = preSolution
		HideSolutionNode = FALSE
	EndGlobalSection
	GlobalSection(ExtensibilityGlobals) = postSolution
		SolutionGuid = {F5AA2C4A-A953-41DB-A772-B63CDE1EBD55}
	EndGlobalSection
EndGlobal
