
Microsoft Visual Studio Solution File, Format Version 12.00
# Visual Studio Version 16
VisualStudioVersion = 16.0.30804.86
MinimumVisualStudioVersion = 10.0.40219.1
Project("{FAE04EC0-301F-11D3-BF4B-00C04F79EFBC}") = "30_delegate01", "30_delegate01\30_delegate01.csproj", "{01EF01AA-F82F-49BB-8307-C74835C98069}"
EndProject
Global
	GlobalSection(SolutionConfigurationPlatforms) = preSolution
		Debug|Any CPU = Debug|Any CPU
		Release|Any CPU = Release|Any CPU
	EndGlobalSection
	GlobalSection(ProjectConfigurationPlatforms) = postSolution
		{01EF01AA-F82F-49BB-8307-C74835C98069}.Debug|Any CPU.ActiveCfg = Debug|Any CPU
		{01EF01AA-F82F-49BB-8307-C74835C98069}.Debug|Any CPU.Build.0 = Debug|Any CPU
		{01EF01AA-F82F-49BB-8307-C74835C98069}.Release|Any CPU.ActiveCfg = Release|Any CPU
		{01EF01AA-F82F-49BB-8307-C74835C98069}.Release|Any CPU.Build.0 = Release|Any CPU
	EndGlobalSection
	GlobalSection(SolutionProperties) = preSolution
		HideSolutionNode = FALSE
	EndGlobalSection
	GlobalSection(ExtensibilityGlobals) = postSolution
		SolutionGuid = {EAC63623-FA62-420C-91BB-FAB9083AAF49}
	EndGlobalSection
EndGlobal
