
Microsoft Visual Studio Solution File, Format Version 12.00
# Visual Studio Version 16
VisualStudioVersion = 16.0.30804.86
MinimumVisualStudioVersion = 10.0.40219.1
Project("{FAE04EC0-301F-11D3-BF4B-00C04F79EFBC}") = "33_userControl01", "33_userControl01\33_userControl01.csproj", "{AC678642-1144-4B13-8D86-39F38FDCB8B2}"
EndProject
Global
	GlobalSection(SolutionConfigurationPlatforms) = preSolution
		Debug|Any CPU = Debug|Any CPU
		Release|Any CPU = Release|Any CPU
	EndGlobalSection
	GlobalSection(ProjectConfigurationPlatforms) = postSolution
		{AC678642-1144-4B13-8D86-39F38FDCB8B2}.Debug|Any CPU.ActiveCfg = Debug|Any CPU
		{AC678642-1144-4B13-8D86-39F38FDCB8B2}.Debug|Any CPU.Build.0 = Debug|Any CPU
		{AC678642-1144-4B13-8D86-39F38FDCB8B2}.Release|Any CPU.ActiveCfg = Release|Any CPU
		{AC678642-1144-4B13-8D86-39F38FDCB8B2}.Release|Any CPU.Build.0 = Release|Any CPU
	EndGlobalSection
	GlobalSection(SolutionProperties) = preSolution
		HideSolutionNode = FALSE
	EndGlobalSection
	GlobalSection(ExtensibilityGlobals) = postSolution
		SolutionGuid = {5C0E85B7-96A3-4193-B42E-E02E2C9CA640}
	EndGlobalSection
EndGlobal
