
Microsoft Visual Studio Solution File, Format Version 12.00
# Visual Studio Version 16
VisualStudioVersion = 16.0.30804.86
MinimumVisualStudioVersion = 10.0.40219.1
Project("{FAE04EC0-301F-11D3-BF4B-00C04F79EFBC}") = "29_interfaccia03_Interfaccia_IComparer", "29_interfaccia03_Interfaccia_IComparer\29_interfaccia03_Interfaccia_IComparer.csproj", "{9221F845-44E3-4081-A003-BEE92D3AF4A6}"
EndProject
Global
	GlobalSection(SolutionConfigurationPlatforms) = preSolution
		Debug|Any CPU = Debug|Any CPU
		Release|Any CPU = Release|Any CPU
	EndGlobalSection
	GlobalSection(ProjectConfigurationPlatforms) = postSolution
		{9221F845-44E3-4081-A003-BEE92D3AF4A6}.Debug|Any CPU.ActiveCfg = Debug|Any CPU
		{9221F845-44E3-4081-A003-BEE92D3AF4A6}.Debug|Any CPU.Build.0 = Debug|Any CPU
		{9221F845-44E3-4081-A003-BEE92D3AF4A6}.Release|Any CPU.ActiveCfg = Release|Any CPU
		{9221F845-44E3-4081-A003-BEE92D3AF4A6}.Release|Any CPU.Build.0 = Release|Any CPU
	EndGlobalSection
	GlobalSection(SolutionProperties) = preSolution
		HideSolutionNode = FALSE
	EndGlobalSection
	GlobalSection(ExtensibilityGlobals) = postSolution
		SolutionGuid = {184C5FF2-2F03-468C-9F32-DEC7A375F905}
	EndGlobalSection
EndGlobal
