
Microsoft Visual Studio Solution File, Format Version 12.00
# Visual Studio Version 16
VisualStudioVersion = 16.0.30621.155
MinimumVisualStudioVersion = 10.0.40219.1
Project("{FAE04EC0-301F-11D3-BF4B-00C04F79EFBC}") = "20_OOP07_Persone_Studenti", "20_OOP07_Persone_Studenti\20_OOP07_Persone_Studenti.csproj", "{C1F187DB-864B-4BA0-A22F-7F8CAF801DE7}"
EndProject
Global
	GlobalSection(SolutionConfigurationPlatforms) = preSolution
		Debug|Any CPU = Debug|Any CPU
		Release|Any CPU = Release|Any CPU
	EndGlobalSection
	GlobalSection(ProjectConfigurationPlatforms) = postSolution
		{C1F187DB-864B-4BA0-A22F-7F8CAF801DE7}.Debug|Any CPU.ActiveCfg = Debug|Any CPU
		{C1F187DB-864B-4BA0-A22F-7F8CAF801DE7}.Debug|Any CPU.Build.0 = Debug|Any CPU
		{C1F187DB-864B-4BA0-A22F-7F8CAF801DE7}.Release|Any CPU.ActiveCfg = Release|Any CPU
		{C1F187DB-864B-4BA0-A22F-7F8CAF801DE7}.Release|Any CPU.Build.0 = Release|Any CPU
	EndGlobalSection
	GlobalSection(SolutionProperties) = preSolution
		HideSolutionNode = FALSE
	EndGlobalSection
	GlobalSection(ExtensibilityGlobals) = postSolution
		SolutionGuid = {F8338611-DB6E-40B0-A782-2896C30DD72A}
	EndGlobalSection
EndGlobal
