
Microsoft Visual Studio Solution File, Format Version 12.00
# Visual Studio Version 16
VisualStudioVersion = 16.0.30621.155
MinimumVisualStudioVersion = 10.0.40219.1
Project("{FAE04EC0-301F-11D3-BF4B-00C04F79EFBC}") = "OOP02_Metodo_Factory", "OOP02_Metodo_Factory\OOP02_Metodo_Factory.csproj", "{9F73CC09-CB66-481F-867B-F3B74F64039E}"
EndProject
Global
	GlobalSection(SolutionConfigurationPlatforms) = preSolution
		Debug|Any CPU = Debug|Any CPU
		Release|Any CPU = Release|Any CPU
	EndGlobalSection
	GlobalSection(ProjectConfigurationPlatforms) = postSolution
		{9F73CC09-CB66-481F-867B-F3B74F64039E}.Debug|Any CPU.ActiveCfg = Debug|Any CPU
		{9F73CC09-CB66-481F-867B-F3B74F64039E}.Debug|Any CPU.Build.0 = Debug|Any CPU
		{9F73CC09-CB66-481F-867B-F3B74F64039E}.Release|Any CPU.ActiveCfg = Release|Any CPU
		{9F73CC09-CB66-481F-867B-F3B74F64039E}.Release|Any CPU.Build.0 = Release|Any CPU
	EndGlobalSection
	GlobalSection(SolutionProperties) = preSolution
		HideSolutionNode = FALSE
	EndGlobalSection
	GlobalSection(ExtensibilityGlobals) = postSolution
		SolutionGuid = {4144964C-701B-4048-8D04-9EEB7E640FCA}
	EndGlobalSection
EndGlobal
