
Microsoft Visual Studio Solution File, Format Version 12.00
# Visual Studio Version 16
VisualStudioVersion = 16.0.30804.86
MinimumVisualStudioVersion = 10.0.40219.1
Project("{FAE04EC0-301F-11D3-BF4B-00C04F79EFBC}") = "34_userControl01_Utilizzo_UserControl", "34_userControl01_Utilizzo_UserControl\34_userControl01_Utilizzo_UserControl.csproj", "{11191855-185B-4C61-9F09-A95A38AA237E}"
EndProject
Global
	GlobalSection(SolutionConfigurationPlatforms) = preSolution
		Debug|Any CPU = Debug|Any CPU
		Release|Any CPU = Release|Any CPU
	EndGlobalSection
	GlobalSection(ProjectConfigurationPlatforms) = postSolution
		{11191855-185B-4C61-9F09-A95A38AA237E}.Debug|Any CPU.ActiveCfg = Debug|Any CPU
		{11191855-185B-4C61-9F09-A95A38AA237E}.Debug|Any CPU.Build.0 = Debug|Any CPU
		{11191855-185B-4C61-9F09-A95A38AA237E}.Release|Any CPU.ActiveCfg = Release|Any CPU
		{11191855-185B-4C61-9F09-A95A38AA237E}.Release|Any CPU.Build.0 = Release|Any CPU
	EndGlobalSection
	GlobalSection(SolutionProperties) = preSolution
		HideSolutionNode = FALSE
	EndGlobalSection
	GlobalSection(ExtensibilityGlobals) = postSolution
		SolutionGuid = {A1A856ED-3F57-4F02-AF2E-ADB5EE8ECD64}
	EndGlobalSection
EndGlobal
